{
  "lib/forge-std": {
    "rev": "a2edd39db95df7e9dd3f9ef9edc8c55fefddb6df"
  },
  "lib/openzeppelin-contracts": {
    "rev": "0457042d93d9dfd760dbaa06a4d2f1216fdbe297"
  },
  "lib/v3-core": {
    "rev": "6562c52e8f75f0c10f9deaf44861847585fc8129"
  },
  "lib/v3-periphery": {
    "rev": "b325bb0905d922ae61fcc7df85ee802e8df5e96c"
  }
}